{
  "requires": true,
  "lockfileVersion": 1,
  "dependencies": {
    "real-share": {
      "version": "2.0.2",
      "resolved": "https://registry.npmjs.org/real-share/-/real-share-2.0.2.tgz",
      "integrity": "sha512-AIFcxIFMP6ypV9dTEYeK9bVC33o4RoZ4bwFQblrr6HCw8FIGB0eo43h+OiNEylU/RuWztcKKblNKZ1ro5DG7nA=="
    },
    "trin.db": {
      "version": "0.0.18",
      "resolved": "https://registry.npmjs.org/trin.db/-/trin.db-0.0.18.tgz",
      "integrity": "sha512-A51w6yBRp7vP6gpdJO3fUH+J8LBNPrYcJOe1Da0SUtUTMz3MfgLXb/NgLPyHtBClYl3Hp3IO0J0UQQnBgHujbA=="
    }
  }
}
